
Microsoft Visual Studio Solution File, Format Version 12.00
# Visual Studio Version 17
VisualStudioVersion = 17.12.35323.107
MinimumVisualStudioVersion = 10.0.40219.1
Project("{FAE04EC0-301F-11D3-BF4B-00C04F79EFBC}") = "dibscript", "dibscript\dibscript.csproj", "{D637C75B-2469-4C92-AA99-A3DC6FE7EE26}"
EndProject
Global
	GlobalSection(SolutionConfigurationPlatforms) = preSolution
		Debug|Any CPU = Debug|Any CPU
		Release|Any CPU = Release|Any CPU
	EndGlobalSection
	GlobalSection(ProjectConfigurationPlatforms) = postSolution
		{D637C75B-2469-4C92-AA99-A3DC6FE7EE26}.Debug|Any CPU.ActiveCfg = Debug|Any CPU
		{D637C75B-2469-4C92-AA99-A3DC6FE7EE26}.Debug|Any CPU.Build.0 = Debug|Any CPU
		{D637C75B-2469-4C92-AA99-A3DC6FE7EE26}.Release|Any CPU.ActiveCfg = Release|Any CPU
		{D637C75B-2469-4C92-AA99-A3DC6FE7EE26}.Release|Any CPU.Build.0 = Release|Any CPU
	EndGlobalSection
	GlobalSection(SolutionProperties) = preSolution
		HideSolutionNode = FALSE
	EndGlobalSection
	GlobalSection(ExtensibilityGlobals) = postSolution
		SolutionGuid = {F743D63F-A11A-4575-BBE3-7D2413A8577F}
	EndGlobalSection
EndGlobal
